// !$*UTF8*$!
{
	archiveVersion = 1;
	classes = {
	};
	objectVersion = 55;
	objects = {

/* Begin PBXBuildFile section */
		7827D06927B143FD002961CE /* ShortcutsView.swift in Sources */ = {isa = PBXBuildFile; fileRef = 7827D06827B143FD002961CE /* ShortcutsView.swift */; };
		7827D06B27B143FE002961CE /* Assets.xcassets in Resources */ = {isa = PBXBuildFile; fileRef = 7827D06A27B143FE002961CE /* Assets.xcassets */; };
		7827D06E27B143FE002961CE /* Preview Assets.xcassets in Resources */ = {isa = PBXBuildFile; fileRef = 7827D06D27B143FE002961CE /* Preview Assets.xcassets */; };
		7827D08F27B144AC002961CE /* ShortcutsApp.swift in Sources */ = {isa = PBXBuildFile; fileRef = 78F5CA8C27AEA52900A1583A /* ShortcutsApp.swift */; };
		7827D09027B144AC002961CE /* ViewModel.swift in Sources */ = {isa = PBXBuildFile; fileRef = 78F5CABF27AEAA0F00A1583A /* ViewModel.swift */; };
		7827D09127B144AC002961CE /* Color+.swift in Sources */ = {isa = PBXBuildFile; fileRef = 78AC2F5A27AEC64300CB50D4 /* Color+.swift */; };
		7827D09227B144AC002961CE /* Endpoint.swift in Sources */ = {isa = PBXBuildFile; fileRef = 78D4C4DA27AEB884009EA17D /* Endpoint.swift */; };
		7827D09327B144AC002961CE /* ShortcutRow.swift in Sources */ = {isa = PBXBuildFile; fileRef = 78D4C4DC27AEBC25009EA17D /* ShortcutRow.swift */; };
		7827D09427B144AC002961CE /* Service.swift in Sources */ = {isa = PBXBuildFile; fileRef = 78D4C4D227AEAC18009EA17D /* Service.swift */; };
		7827D09527B144AC002961CE /* Category.swift in Sources */ = {isa = PBXBuildFile; fileRef = 78AC2F6127AEEE2300CB50D4 /* Category.swift */; };
		7827D09627B144AC002961CE /* KeyView.swift in Sources */ = {isa = PBXBuildFile; fileRef = 78D4C4DE27AEC100009EA17D /* KeyView.swift */; };
		7827D09727B144AC002961CE /* Assets.xcassets in Resources */ = {isa = PBXBuildFile; fileRef = 78F5CA9027AEA52A00A1583A /* Assets.xcassets */; };
		7827D09827B144AC002961CE /* Localizable.strings in Resources */ = {isa = PBXBuildFile; fileRef = 7834492327AFF4B400ECA39C /* Localizable.strings */; };
		7827D09927B144AC002961CE /* Shortcut.swift in Sources */ = {isa = PBXBuildFile; fileRef = 78F5CABD27AEA96000A1583A /* Shortcut.swift */; };
		7827D09A27B144AC002961CE /* ApiClient.swift in Sources */ = {isa = PBXBuildFile; fileRef = 78D4C4D827AEB7DE009EA17D /* ApiClient.swift */; };
		7827D09C27B144AC002961CE /* Contstants.swift in Sources */ = {isa = PBXBuildFile; fileRef = 78AC2F5C27AEC6D900CB50D4 /* Contstants.swift */; };
		7834492427AFF4B400ECA39C /* Localizable.strings in Resources */ = {isa = PBXBuildFile; fileRef = 7834492327AFF4B400ECA39C /* Localizable.strings */; };
		7867D82D27B15B95000420C9 /* EndpointTests.swift in Sources */ = {isa = PBXBuildFile; fileRef = 7867D82C27B15B95000420C9 /* EndpointTests.swift */; };
		7867D83027B15C3F000420C9 /* shortcuts_response.json in Resources */ = {isa = PBXBuildFile; fileRef = 7867D82F27B15C3F000420C9 /* shortcuts_response.json */; };
		7867D83527B15C84000420C9 /* XCTestCase+loadStub.swift in Sources */ = {isa = PBXBuildFile; fileRef = 7867D83427B15C84000420C9 /* XCTestCase+loadStub.swift */; };
		7867D83827B15CB8000420C9 /* MockApiClient.swift in Sources */ = {isa = PBXBuildFile; fileRef = 7867D83727B15CB8000420C9 /* MockApiClient.swift */; };
		7867D83A27B15D62000420C9 /* ServiceTests.swift in Sources */ = {isa = PBXBuildFile; fileRef = 7867D83927B15D62000420C9 /* ServiceTests.swift */; };
		7867D83C27B160BF000420C9 /* ViewModelTests.swift in Sources */ = {isa = PBXBuildFile; fileRef = 7867D83B27B160BF000420C9 /* ViewModelTests.swift */; };
		7867D83E27B16CC1000420C9 /* ShortcutsViewTests.swift in Sources */ = {isa = PBXBuildFile; fileRef = 7867D83D27B16CC1000420C9 /* ShortcutsViewTests.swift */; };
		78AC2F5B27AEC64300CB50D4 /* Color+.swift in Sources */ = {isa = PBXBuildFile; fileRef = 78AC2F5A27AEC64300CB50D4 /* Color+.swift */; };
		78AC2F5D27AEC6D900CB50D4 /* Contstants.swift in Sources */ = {isa = PBXBuildFile; fileRef = 78AC2F5C27AEC6D900CB50D4 /* Contstants.swift */; };
		78AC2F6227AEEE2300CB50D4 /* Category.swift in Sources */ = {isa = PBXBuildFile; fileRef = 78AC2F6127AEEE2300CB50D4 /* Category.swift */; };
		78D4C4D327AEAC18009EA17D /* Service.swift in Sources */ = {isa = PBXBuildFile; fileRef = 78D4C4D227AEAC18009EA17D /* Service.swift */; };
		78D4C4D927AEB7DE009EA17D /* ApiClient.swift in Sources */ = {isa = PBXBuildFile; fileRef = 78D4C4D827AEB7DE009EA17D /* ApiClient.swift */; };
		78D4C4DB27AEB884009EA17D /* Endpoint.swift in Sources */ = {isa = PBXBuildFile; fileRef = 78D4C4DA27AEB884009EA17D /* Endpoint.swift */; };
		78D4C4DD27AEBC25009EA17D /* ShortcutRow.swift in Sources */ = {isa = PBXBuildFile; fileRef = 78D4C4DC27AEBC25009EA17D /* ShortcutRow.swift */; };
		78D4C4DF27AEC100009EA17D /* KeyView.swift in Sources */ = {isa = PBXBuildFile; fileRef = 78D4C4DE27AEC100009EA17D /* KeyView.swift */; };
		78F5CA8D27AEA52900A1583A /* ShortcutsApp.swift in Sources */ = {isa = PBXBuildFile; fileRef = 78F5CA8C27AEA52900A1583A /* ShortcutsApp.swift */; };
		78F5CA8F27AEA52900A1583A /* ShortcutsView.swift in Sources */ = {isa = PBXBuildFile; fileRef = 78F5CA8E27AEA52900A1583A /* ShortcutsView.swift */; };
		78F5CA9127AEA52A00A1583A /* Assets.xcassets in Resources */ = {isa = PBXBuildFile; fileRef = 78F5CA9027AEA52A00A1583A /* Assets.xcassets */; };
		78F5CA9427AEA52A00A1583A /* Preview Assets.xcassets in Resources */ = {isa = PBXBuildFile; fileRef = 78F5CA9327AEA52A00A1583A /* Preview Assets.xcassets */; };
		78F5CABE27AEA96000A1583A /* Shortcut.swift in Sources */ = {isa = PBXBuildFile; fileRef = 78F5CABD27AEA96000A1583A /* Shortcut.swift */; };
		78F5CAC027AEAA0F00A1583A /* ViewModel.swift in Sources */ = {isa = PBXBuildFile; fileRef = 78F5CABF27AEAA0F00A1583A /* ViewModel.swift */; };
/* End PBXBuildFile section */

/* Begin PBXContainerItemProxy section */
		78F5CA9A27AEA52A00A1583A /* PBXContainerItemProxy */ = {
			isa = PBXContainerItemProxy;
			containerPortal = 78F5CA8127AEA52900A1583A /* Project object */;
			proxyType = 1;
			remoteGlobalIDString = 78F5CA8827AEA52900A1583A;
			remoteInfo = Shortcuts;
		};
		78F5CAA427AEA52A00A1583A /* PBXContainerItemProxy */ = {
			isa = PBXContainerItemProxy;
			containerPortal = 78F5CA8127AEA52900A1583A /* Project object */;
			proxyType = 1;
			remoteGlobalIDString = 78F5CA8827AEA52900A1583A;
			remoteInfo = Shortcuts;
		};
/* End PBXContainerItemProxy section */

/* Begin PBXFileReference section */
		7827D06427B143FD002961CE /* ShortcutsMac.app */ = {isa = PBXFileReference; explicitFileType = wrapper.application; includeInIndex = 0; path = ShortcutsMac.app; sourceTree = BUILT_PRODUCTS_DIR; };
		7827D06827B143FD002961CE /* ShortcutsView.swift */ = {isa = PBXFileReference; lastKnownFileType = sourcecode.swift; path = ShortcutsView.swift; sourceTree = "<group>"; };
		7827D06A27B143FE002961CE /* Assets.xcassets */ = {isa = PBXFileReference; lastKnownFileType = folder.assetcatalog; path = Assets.xcassets; sourceTree = "<group>"; };
		7827D06D27B143FE002961CE /* Preview Assets.xcassets */ = {isa = PBXFileReference; lastKnownFileType = folder.assetcatalog; path = "Preview Assets.xcassets"; sourceTree = "<group>"; };
		7827D06F27B143FE002961CE /* ShortcutsMac.entitlements */ = {isa = PBXFileReference; lastKnownFileType = text.plist.entitlements; path = ShortcutsMac.entitlements; sourceTree = "<group>"; };
		7834492327AFF4B400ECA39C /* Localizable.strings */ = {isa = PBXFileReference; lastKnownFileType = text.plist.strings; path = Localizable.strings; sourceTree = "<group>"; };
		7867D82C27B15B95000420C9 /* EndpointTests.swift */ = {isa = PBXFileReference; lastKnownFileType = sourcecode.swift; path = EndpointTests.swift; sourceTree = "<group>"; };
		7867D82F27B15C3F000420C9 /* shortcuts_response.json */ = {isa = PBXFileReference; lastKnownFileType = text.json; path = shortcuts_response.json; sourceTree = "<group>"; };
		7867D83427B15C84000420C9 /* XCTestCase+loadStub.swift */ = {isa = PBXFileReference; lastKnownFileType = sourcecode.swift; path = "XCTestCase+loadStub.swift"; sourceTree = "<group>"; };
		7867D83727B15CB8000420C9 /* MockApiClient.swift */ = {isa = PBXFileReference; lastKnownFileType = sourcecode.swift; path = MockApiClient.swift; sourceTree = "<group>"; };
		7867D83927B15D62000420C9 /* ServiceTests.swift */ = {isa = PBXFileReference; lastKnownFileType = sourcecode.swift; path = ServiceTests.swift; sourceTree = "<group>"; };
		7867D83B27B160BF000420C9 /* ViewModelTests.swift */ = {isa = PBXFileReference; lastKnownFileType = sourcecode.swift; path = ViewModelTests.swift; sourceTree = "<group>"; };
		7867D83D27B16CC1000420C9 /* ShortcutsViewTests.swift */ = {isa = PBXFileReference; lastKnownFileType = sourcecode.swift; path = ShortcutsViewTests.swift; sourceTree = "<group>"; };
		78AC2F5A27AEC64300CB50D4 /* Color+.swift */ = {isa = PBXFileReference; lastKnownFileType = sourcecode.swift; path = "Color+.swift"; sourceTree = "<group>"; };
		78AC2F5C27AEC6D900CB50D4 /* Contstants.swift */ = {isa = PBXFileReference; lastKnownFileType = sourcecode.swift; path = Contstants.swift; sourceTree = "<group>"; };
		78AC2F6127AEEE2300CB50D4 /* Category.swift */ = {isa = PBXFileReference; lastKnownFileType = sourcecode.swift; path = Category.swift; sourceTree = "<group>"; };
		78D4C4D227AEAC18009EA17D /* Service.swift */ = {isa = PBXFileReference; lastKnownFileType = sourcecode.swift; path = Service.swift; sourceTree = "<group>"; };
		78D4C4D827AEB7DE009EA17D /* ApiClient.swift */ = {isa = PBXFileReference; lastKnownFileType = sourcecode.swift; path = ApiClient.swift; sourceTree = "<group>"; };
		78D4C4DA27AEB884009EA17D /* Endpoint.swift */ = {isa = PBXFileReference; lastKnownFileType = sourcecode.swift; path = Endpoint.swift; sourceTree = "<group>"; };
		78D4C4DC27AEBC25009EA17D /* ShortcutRow.swift */ = {isa = PBXFileReference; lastKnownFileType = sourcecode.swift; path = ShortcutRow.swift; sourceTree = "<group>"; };
		78D4C4DE27AEC100009EA17D /* KeyView.swift */ = {isa = PBXFileReference; lastKnownFileType = sourcecode.swift; path = KeyView.swift; sourceTree = "<group>"; };
		78F5CA8927AEA52900A1583A /* XShortcuts.app */ = {isa = PBXFileReference; explicitFileType = wrapper.application; includeInIndex = 0; path = XShortcuts.app; sourceTree = BUILT_PRODUCTS_DIR; };
		78F5CA8C27AEA52900A1583A /* ShortcutsApp.swift */ = {isa = PBXFileReference; lastKnownFileType = sourcecode.swift; path = ShortcutsApp.swift; sourceTree = "<group>"; };
		78F5CA8E27AEA52900A1583A /* ShortcutsView.swift */ = {isa = PBXFileReference; lastKnownFileType = sourcecode.swift; path = ShortcutsView.swift; sourceTree = "<group>"; };
		78F5CA9027AEA52A00A1583A /* Assets.xcassets */ = {isa = PBXFileReference; lastKnownFileType = folder.assetcatalog; path = Assets.xcassets; sourceTree = "<group>"; };
		78F5CA9327AEA52A00A1583A /* Preview Assets.xcassets */ = {isa = PBXFileReference; lastKnownFileType = folder.assetcatalog; path = "Preview Assets.xcassets"; sourceTree = "<group>"; };
		78F5CA9927AEA52A00A1583A /* ShortcutsTests.xctest */ = {isa = PBXFileReference; explicitFileType = wrapper.cfbundle; includeInIndex = 0; path = ShortcutsTests.xctest; sourceTree = BUILT_PRODUCTS_DIR; };
		78F5CAA327AEA52A00A1583A /* ShortcutsUITests.xctest */ = {isa = PBXFileReference; explicitFileType = wrapper.cfbundle; includeInIndex = 0; path = ShortcutsUITests.xctest; sourceTree = BUILT_PRODUCTS_DIR; };
		78F5CABD27AEA96000A1583A /* Shortcut.swift */ = {isa = PBXFileReference; lastKnownFileType = sourcecode.swift; path = Shortcut.swift; sourceTree = "<group>"; };
		78F5CABF27AEAA0F00A1583A /* ViewModel.swift */ = {isa = PBXFileReference; lastKnownFileType = sourcecode.swift; path = ViewModel.swift; sourceTree = "<group>"; };
/* End PBXFileReference section */

/* Begin PBXFrameworksBuildPhase section */
		7827D06127B143FD002961CE /* Frameworks */ = {
			isa = PBXFrameworksBuildPhase;
			buildActionMask = 2147483647;
			files = (
			);
			runOnlyForDeploymentPostprocessing = 0;
		};
		78F5CA8627AEA52900A1583A /* Frameworks */ = {
			isa = PBXFrameworksBuildPhase;
			buildActionMask = 2147483647;
			files = (
			);
			runOnlyForDeploymentPostprocessing = 0;
		};
		78F5CA9627AEA52A00A1583A /* Frameworks */ = {
			isa = PBXFrameworksBuildPhase;
			buildActionMask = 2147483647;
			files = (
			);
			runOnlyForDeploymentPostprocessing = 0;
		};
		78F5CAA027AEA52A00A1583A /* Frameworks */ = {
			isa = PBXFrameworksBuildPhase;
			buildActionMask = 2147483647;
			files = (
			);
			runOnlyForDeploymentPostprocessing = 0;
		};
/* End PBXFrameworksBuildPhase section */

/* Begin PBXGroup section */
		7827D06527B143FD002961CE /* ShortcutsMac */ = {
			isa = PBXGroup;
			children = (
				7827D06827B143FD002961CE /* ShortcutsView.swift */,
				7827D06A27B143FE002961CE /* Assets.xcassets */,
				7827D06F27B143FE002961CE /* ShortcutsMac.entitlements */,
				7827D06C27B143FE002961CE /* Preview Content */,
			);
			path = ShortcutsMac;
			sourceTree = "<group>";
		};
		7827D06C27B143FE002961CE /* Preview Content */ = {
			isa = PBXGroup;
			children = (
				7827D06D27B143FE002961CE /* Preview Assets.xcassets */,
			);
			path = "Preview Content";
			sourceTree = "<group>";
		};
		7867D82E27B15C1A000420C9 /* Stubs */ = {
			isa = PBXGroup;
			children = (
				7867D82F27B15C3F000420C9 /* shortcuts_response.json */,
			);
			path = Stubs;
			sourceTree = "<group>";
		};
		7867D83327B15C6E000420C9 /* Extensions */ = {
			isa = PBXGroup;
			children = (
				7867D83427B15C84000420C9 /* XCTestCase+loadStub.swift */,
			);
			path = Extensions;
			sourceTree = "<group>";
		};
		7867D83627B15C9F000420C9 /* Mocks */ = {
			isa = PBXGroup;
			children = (
				7867D83727B15CB8000420C9 /* MockApiClient.swift */,
			);
			path = Mocks;
			sourceTree = "<group>";
		};
		78F5CA8027AEA52900A1583A = {
			isa = PBXGroup;
			children = (
				78F5CA8B27AEA52900A1583A /* Shortcuts */,
				78F5CA9C27AEA52A00A1583A /* ShortcutsTests */,
				78F5CAA627AEA52A00A1583A /* ShortcutsUITests */,
				7827D06527B143FD002961CE /* ShortcutsMac */,
				78F5CA8A27AEA52900A1583A /* Products */,
			);
			sourceTree = "<group>";
		};
		78F5CA8A27AEA52900A1583A /* Products */ = {
			isa = PBXGroup;
			children = (
				78F5CA8927AEA52900A1583A /* XShortcuts.app */,
				78F5CA9927AEA52A00A1583A /* ShortcutsTests.xctest */,
				78F5CAA327AEA52A00A1583A /* ShortcutsUITests.xctest */,
				7827D06427B143FD002961CE /* ShortcutsMac.app */,
			);
			name = Products;
			sourceTree = "<group>";
		};
		78F5CA8B27AEA52900A1583A /* Shortcuts */ = {
			isa = PBXGroup;
			children = (
				78F5CAB727AEA90E00A1583A /* App */,
				78F5CAB827AEA91C00A1583A /* Network */,
				78F5CAB927AEA92800A1583A /* Features */,
				78F5CAC127AEAB0C00A1583A /* Supporting Files */,
				78F5CA9227AEA52A00A1583A /* Preview Content */,
			);
			path = Shortcuts;
			sourceTree = "<group>";
		};
		78F5CA9227AEA52A00A1583A /* Preview Content */ = {
			isa = PBXGroup;
			children = (
				78F5CA9327AEA52A00A1583A /* Preview Assets.xcassets */,
			);
			path = "Preview Content";
			sourceTree = "<group>";
		};
		78F5CA9C27AEA52A00A1583A /* ShortcutsTests */ = {
			isa = PBXGroup;
			children = (
				7867D83B27B160BF000420C9 /* ViewModelTests.swift */,
				7867D83927B15D62000420C9 /* ServiceTests.swift */,
				7867D82C27B15B95000420C9 /* EndpointTests.swift */,
				7867D83627B15C9F000420C9 /* Mocks */,
				7867D83327B15C6E000420C9 /* Extensions */,
				7867D82E27B15C1A000420C9 /* Stubs */,
			);
			path = ShortcutsTests;
			sourceTree = "<group>";
		};
		78F5CAA627AEA52A00A1583A /* ShortcutsUITests */ = {
			isa = PBXGroup;
			children = (
				7867D83D27B16CC1000420C9 /* ShortcutsViewTests.swift */,
			);
			path = ShortcutsUITests;
			sourceTree = "<group>";
		};
		78F5CAB727AEA90E00A1583A /* App */ = {
			isa = PBXGroup;
			children = (
				78F5CA8C27AEA52900A1583A /* ShortcutsApp.swift */,
			);
			path = App;
			sourceTree = "<group>";
		};
		78F5CAB827AEA91C00A1583A /* Network */ = {
			isa = PBXGroup;
			children = (
				78D4C4D227AEAC18009EA17D /* Service.swift */,
				78D4C4D827AEB7DE009EA17D /* ApiClient.swift */,
				78D4C4DA27AEB884009EA17D /* Endpoint.swift */,
			);
			path = Network;
			sourceTree = "<group>";
		};
		78F5CAB927AEA92800A1583A /* Features */ = {
			isa = PBXGroup;
			children = (
				78F5CABC27AEA93B00A1583A /* Models */,
				78F5CABB27AEA93600A1583A /* ViewModels */,
				78F5CABA27AEA93100A1583A /* Views */,
			);
			path = Features;
			sourceTree = "<group>";
		};
		78F5CABA27AEA93100A1583A /* Views */ = {
			isa = PBXGroup;
			children = (
				78F5CA8E27AEA52900A1583A /* ShortcutsView.swift */,
				78D4C4DC27AEBC25009EA17D /* ShortcutRow.swift */,
				78D4C4DE27AEC100009EA17D /* KeyView.swift */,
			);
			path = Views;
			sourceTree = "<group>";
		};
		78F5CABB27AEA93600A1583A /* ViewModels */ = {
			isa = PBXGroup;
			children = (
				78F5CABF27AEAA0F00A1583A /* ViewModel.swift */,
			);
			path = ViewModels;
			sourceTree = "<group>";
		};
		78F5CABC27AEA93B00A1583A /* Models */ = {
			isa = PBXGroup;
			children = (
				78F5CABD27AEA96000A1583A /* Shortcut.swift */,
				78AC2F6127AEEE2300CB50D4 /* Category.swift */,
			);
			path = Models;
			sourceTree = "<group>";
		};
		78F5CAC127AEAB0C00A1583A /* Supporting Files */ = {
			isa = PBXGroup;
			children = (
				78F5CA9027AEA52A00A1583A /* Assets.xcassets */,
				78AC2F5A27AEC64300CB50D4 /* Color+.swift */,
				78AC2F5C27AEC6D900CB50D4 /* Contstants.swift */,
				7834492327AFF4B400ECA39C /* Localizable.strings */,
			);
			path = "Supporting Files";
			sourceTree = "<group>";
		};
/* End PBXGroup section */

/* Begin PBXNativeTarget section */
		7827D06327B143FD002961CE /* ShortcutsMac */ = {
			isa = PBXNativeTarget;
			buildConfigurationList = 7827D08C27B143FF002961CE /* Build configuration list for PBXNativeTarget "ShortcutsMac" */;
			buildPhases = (
				7827D06027B143FD002961CE /* Sources */,
				7827D06127B143FD002961CE /* Frameworks */,
				7827D06227B143FD002961CE /* Resources */,
			);
			buildRules = (
			);
			dependencies = (
			);
			name = ShortcutsMac;
			productName = ShortcutsMac;
			productReference = 7827D06427B143FD002961CE /* ShortcutsMac.app */;
			productType = "com.apple.product-type.application";
		};
		78F5CA8827AEA52900A1583A /* Shortcuts */ = {
			isa = PBXNativeTarget;
			buildConfigurationList = 78F5CAAD27AEA52A00A1583A /* Build configuration list for PBXNativeTarget "Shortcuts" */;
			buildPhases = (
				78F5CA8527AEA52900A1583A /* Sources */,
				78F5CA8627AEA52900A1583A /* Frameworks */,
				78F5CA8727AEA52900A1583A /* Resources */,
				78F5CAB627AEA5B100A1583A /* SwiftLint */,
			);
			buildRules = (
			);
			dependencies = (
			);
			name = Shortcuts;
			productName = Shortcuts;
			productReference = 78F5CA8927AEA52900A1583A /* XShortcuts.app */;
			productType = "com.apple.product-type.application";
		};
		78F5CA9827AEA52A00A1583A /* ShortcutsTests */ = {
			isa = PBXNativeTarget;
			buildConfigurationList = 78F5CAB027AEA52A00A1583A /* Build configuration list for PBXNativeTarget "ShortcutsTests" */;
			buildPhases = (
				78F5CA9527AEA52A00A1583A /* Sources */,
				78F5CA9627AEA52A00A1583A /* Frameworks */,
				78F5CA9727AEA52A00A1583A /* Resources */,
			);
			buildRules = (
			);
			dependencies = (
				78F5CA9B27AEA52A00A1583A /* PBXTargetDependency */,
			);
			name = ShortcutsTests;
			productName = ShortcutsTests;
			productReference = 78F5CA9927AEA52A00A1583A /* ShortcutsTests.xctest */;
			productType = "com.apple.product-type.bundle.unit-test";
		};
		78F5CAA227AEA52A00A1583A /* ShortcutsUITests */ = {
			isa = PBXNativeTarget;
			buildConfigurationList = 78F5CAB327AEA52A00A1583A /* Build configuration list for PBXNativeTarget "ShortcutsUITests" */;
			buildPhases = (
				78F5CA9F27AEA52A00A1583A /* Sources */,
				78F5CAA027AEA52A00A1583A /* Frameworks */,
				78F5CAA127AEA52A00A1583A /* Resources */,
			);
			buildRules = (
			);
			dependencies = (
				78F5CAA527AEA52A00A1583A /* PBXTargetDependency */,
			);
			name = ShortcutsUITests;
			productName = ShortcutsUITests;
			productReference = 78F5CAA327AEA52A00A1583A /* ShortcutsUITests.xctest */;
			productType = "com.apple.product-type.bundle.ui-testing";
		};
/* End PBXNativeTarget section */

/* Begin PBXProject section */
		78F5CA8127AEA52900A1583A /* Project object */ = {
			isa = PBXProject;
			attributes = {
				BuildIndependentTargetsInParallel = 1;
				LastSwiftUpdateCheck = 1320;
				LastUpgradeCheck = 1320;
				TargetAttributes = {
					7827D06327B143FD002961CE = {
						CreatedOnToolsVersion = 13.2.1;
					};
					78F5CA8827AEA52900A1583A = {
						CreatedOnToolsVersion = 13.2.1;
					};
					78F5CA9827AEA52A00A1583A = {
						CreatedOnToolsVersion = 13.2.1;
						LastSwiftMigration = 1320;
						TestTargetID = 78F5CA8827AEA52900A1583A;
					};
					78F5CAA227AEA52A00A1583A = {
						CreatedOnToolsVersion = 13.2.1;
						LastSwiftMigration = 1320;
						TestTargetID = 78F5CA8827AEA52900A1583A;
					};
				};
			};
			buildConfigurationList = 78F5CA8427AEA52900A1583A /* Build configuration list for PBXProject "Shortcuts" */;
			compatibilityVersion = "Xcode 13.0";
			developmentRegion = en;
			hasScannedForEncodings = 0;
			knownRegions = (
				en,
				Base,
			);
			mainGroup = 78F5CA8027AEA52900A1583A;
			productRefGroup = 78F5CA8A27AEA52900A1583A /* Products */;
			projectDirPath = "";
			projectRoot = "";
			targets = (
				78F5CA8827AEA52900A1583A /* Shortcuts */,
				78F5CA9827AEA52A00A1583A /* ShortcutsTests */,
				78F5CAA227AEA52A00A1583A /* ShortcutsUITests */,
				7827D06327B143FD002961CE /* ShortcutsMac */,
			);
		};
/* End PBXProject section */

/* Begin PBXResourcesBuildPhase section */
		7827D06227B143FD002961CE /* Resources */ = {
			isa = PBXResourcesBuildPhase;
			buildActionMask = 2147483647;
			files = (
				7827D06E27B143FE002961CE /* Preview Assets.xcassets in Resources */,
				7827D09827B144AC002961CE /* Localizable.strings in Resources */,
				7827D09727B144AC002961CE /* Assets.xcassets in Resources */,
				7827D06B27B143FE002961CE /* Assets.xcassets in Resources */,
			);
			runOnlyForDeploymentPostprocessing = 0;
		};
		78F5CA8727AEA52900A1583A /* Resources */ = {
			isa = PBXResourcesBuildPhase;
			buildActionMask = 2147483647;
			files = (
				78F5CA9427AEA52A00A1583A /* Preview Assets.xcassets in Resources */,
				7834492427AFF4B400ECA39C /* Localizable.strings in Resources */,
				78F5CA9127AEA52A00A1583A /* Assets.xcassets in Resources */,
			);
			runOnlyForDeploymentPostprocessing = 0;
		};
		78F5CA9727AEA52A00A1583A /* Resources */ = {
			isa = PBXResourcesBuildPhase;
			buildActionMask = 2147483647;
			files = (
				7867D83027B15C3F000420C9 /* shortcuts_response.json in Resources */,
			);
			runOnlyForDeploymentPostprocessing = 0;
		};
		78F5CAA127AEA52A00A1583A /* Resources */ = {
			isa = PBXResourcesBuildPhase;
			buildActionMask = 2147483647;
			files = (
			);
			runOnlyForDeploymentPostprocessing = 0;
		};
/* End PBXResourcesBuildPhase section */

/* Begin PBXShellScriptBuildPhase section */
		78F5CAB627AEA5B100A1583A /* SwiftLint */ = {
			isa = PBXShellScriptBuildPhase;
			buildActionMask = 2147483647;
			files = (
			);
			inputFileListPaths = (
			);
			inputPaths = (
			);
			name = SwiftLint;
			outputFileListPaths = (
			);
			outputPaths = (
			);
			runOnlyForDeploymentPostprocessing = 0;
			shellPath = /bin/sh;
			shellScript = "export PATH=\"$PATH:/opt/homebrew/bin\"\n\nif which swiftlint >/dev/null; then\n  swiftlint\nelse\n  echo \"warning: SwiftLint not installed, download from https://github.com/realm/SwiftLint\"\nfi\n";
		};
/* End PBXShellScriptBuildPhase section */

/* Begin PBXSourcesBuildPhase section */
		7827D06027B143FD002961CE /* Sources */ = {
			isa = PBXSourcesBuildPhase;
			buildActionMask = 2147483647;
			files = (
				7827D09A27B144AC002961CE /* ApiClient.swift in Sources */,
				7827D09327B144AC002961CE /* ShortcutRow.swift in Sources */,
				7827D09427B144AC002961CE /* Service.swift in Sources */,
				7827D06927B143FD002961CE /* ShortcutsView.swift in Sources */,
				7827D09127B144AC002961CE /* Color+.swift in Sources */,
				7827D09027B144AC002961CE /* ViewModel.swift in Sources */,
				7827D09627B144AC002961CE /* KeyView.swift in Sources */,
				7827D08F27B144AC002961CE /* ShortcutsApp.swift in Sources */,
				7827D09227B144AC002961CE /* Endpoint.swift in Sources */,
				7827D09C27B144AC002961CE /* Contstants.swift in Sources */,
				7827D09527B144AC002961CE /* Category.swift in Sources */,
				7827D09927B144AC002961CE /* Shortcut.swift in Sources */,
			);
			runOnlyForDeploymentPostprocessing = 0;
		};
		78F5CA8527AEA52900A1583A /* Sources */ = {
			isa = PBXSourcesBuildPhase;
			buildActionMask = 2147483647;
			files = (
				78D4C4D927AEB7DE009EA17D /* ApiClient.swift in Sources */,
				78AC2F5B27AEC64300CB50D4 /* Color+.swift in Sources */,
				78F5CA8F27AEA52900A1583A /* ShortcutsView.swift in Sources */,
				78D4C4DB27AEB884009EA17D /* Endpoint.swift in Sources */,
				78F5CA8D27AEA52900A1583A /* ShortcutsApp.swift in Sources */,
				78D4C4DD27AEBC25009EA17D /* ShortcutRow.swift in Sources */,
				78D4C4DF27AEC100009EA17D /* KeyView.swift in Sources */,
				78F5CAC027AEAA0F00A1583A /* ViewModel.swift in Sources */,
				78F5CABE27AEA96000A1583A /* Shortcut.swift in Sources */,
				78AC2F5D27AEC6D900CB50D4 /* Contstants.swift in Sources */,
				78D4C4D327AEAC18009EA17D /* Service.swift in Sources */,
				78AC2F6227AEEE2300CB50D4 /* Category.swift in Sources */,
			);
			runOnlyForDeploymentPostprocessing = 0;
		};
		78F5CA9527AEA52A00A1583A /* Sources */ = {
			isa = PBXSourcesBuildPhase;
			buildActionMask = 2147483647;
			files = (
				7867D83C27B160BF000420C9 /* ViewModelTests.swift in Sources */,
				7867D83827B15CB8000420C9 /* MockApiClient.swift in Sources */,
				7867D83A27B15D62000420C9 /* ServiceTests.swift in Sources */,
				7867D83527B15C84000420C9 /* XCTestCase+loadStub.swift in Sources */,
				7867D82D27B15B95000420C9 /* EndpointTests.swift in Sources */,
			);
			runOnlyForDeploymentPostprocessing = 0;
		};
		78F5CA9F27AEA52A00A1583A /* Sources */ = {
			isa = PBXSourcesBuildPhase;
			buildActionMask = 2147483647;
			files = (
				7867D83E27B16CC1000420C9 /* ShortcutsViewTests.swift in Sources */,
			);
			runOnlyForDeploymentPostprocessing = 0;
		};
/* End PBXSourcesBuildPhase section */

/* Begin PBXTargetDependency section */
		78F5CA9B27AEA52A00A1583A /* PBXTargetDependency */ = {
			isa = PBXTargetDependency;
			target = 78F5CA8827AEA52900A1583A /* Shortcuts */;
			targetProxy = 78F5CA9A27AEA52A00A1583A /* PBXContainerItemProxy */;
		};
		78F5CAA527AEA52A00A1583A /* PBXTargetDependency */ = {
			isa = PBXTargetDependency;
			target = 78F5CA8827AEA52900A1583A /* Shortcuts */;
			targetProxy = 78F5CAA427AEA52A00A1583A /* PBXContainerItemProxy */;
		};
/* End PBXTargetDependency section */

/* Begin XCBuildConfiguration section */
		7827D08627B143FF002961CE /* Debug */ = {
			isa = XCBuildConfiguration;
			buildSettings = {
				ASSETCATALOG_COMPILER_APPICON_NAME = AppIcon;
				ASSETCATALOG_COMPILER_GLOBAL_ACCENT_COLOR_NAME = AccentColor;
				CODE_SIGN_ENTITLEMENTS = ShortcutsMac/ShortcutsMac.entitlements;
				CODE_SIGN_STYLE = Automatic;
				COMBINE_HIDPI_IMAGES = YES;
				CURRENT_PROJECT_VERSION = 1;
				DEVELOPMENT_ASSET_PATHS = "\"ShortcutsMac/Preview Content\"";
				DEVELOPMENT_TEAM = KZ9ZQNJ77C;
				ENABLE_HARDENED_RUNTIME = YES;
				ENABLE_PREVIEWS = YES;
				GENERATE_INFOPLIST_FILE = YES;
				INFOPLIST_KEY_LSApplicationCategoryType = "public.app-category.developer-tools";
				INFOPLIST_KEY_NSHumanReadableCopyright = "";
				LD_RUNPATH_SEARCH_PATHS = (
					"$(inherited)",
					"@executable_path/../Frameworks",
				);
				MACOSX_DEPLOYMENT_TARGET = 12.1;
				MARKETING_VERSION = 1.0;
				PRODUCT_BUNDLE_IDENTIFIER = io.swifted.shortcuts;
				PRODUCT_NAME = "$(TARGET_NAME)";
				SDKROOT = macosx;
				SWIFT_EMIT_LOC_STRINGS = YES;
				SWIFT_VERSION = 5.0;
			};
			name = Debug;
		};
		7827D08727B143FF002961CE /* Release */ = {
			isa = XCBuildConfiguration;
			buildSettings = {
				ASSETCATALOG_COMPILER_APPICON_NAME = AppIcon;
				ASSETCATALOG_COMPILER_GLOBAL_ACCENT_COLOR_NAME = AccentColor;
				CODE_SIGN_ENTITLEMENTS = ShortcutsMac/ShortcutsMac.entitlements;
				CODE_SIGN_STYLE = Automatic;
				COMBINE_HIDPI_IMAGES = YES;
				CURRENT_PROJECT_VERSION = 1;
				DEVELOPMENT_ASSET_PATHS = "\"ShortcutsMac/Preview Content\"";
				DEVELOPMENT_TEAM = KZ9ZQNJ77C;
				ENABLE_HARDENED_RUNTIME = YES;
				ENABLE_PREVIEWS = YES;
				GENERATE_INFOPLIST_FILE = YES;
				INFOPLIST_KEY_LSApplicationCategoryType = "public.app-category.developer-tools";
				INFOPLIST_KEY_NSHumanReadableCopyright = "";
				LD_RUNPATH_SEARCH_PATHS = (
					"$(inherited)",
					"@executable_path/../Frameworks",
				);
				MACOSX_DEPLOYMENT_TARGET = 12.1;
				MARKETING_VERSION = 1.0;
				PRODUCT_BUNDLE_IDENTIFIER = io.swifted.shortcuts;
				PRODUCT_NAME = "$(TARGET_NAME)";
				SDKROOT = macosx;
				SWIFT_EMIT_LOC_STRINGS = YES;
				SWIFT_VERSION = 5.0;
			};
			name = Release;
		};
		78F5CAAB27AEA52A00A1583A /* Debug */ = {
			isa = XCBuildConfiguration;
			buildSettings = {
				ALWAYS_SEARCH_USER_PATHS = NO;
				CLANG_ANALYZER_NONNULL = YES;
				CLANG_ANALYZER_NUMBER_OBJECT_CONVERSION = YES_AGGRESSIVE;
				CLANG_CXX_LANGUAGE_STANDARD = "gnu++17";
				CLANG_CXX_LIBRARY = "libc++";
				CLANG_ENABLE_MODULES = YES;
				CLANG_ENABLE_OBJC_ARC = YES;
				CLANG_ENABLE_OBJC_WEAK = YES;
				CLANG_WARN_BLOCK_CAPTURE_AUTORELEASING = YES;
				CLANG_WARN_BOOL_CONVERSION = YES;
				CLANG_WARN_COMMA = YES;
				CLANG_WARN_CONSTANT_CONVERSION = YES;
				CLANG_WARN_DEPRECATED_OBJC_IMPLEMENTATIONS = YES;
				CLANG_WARN_DIRECT_OBJC_ISA_USAGE = YES_ERROR;
				CLANG_WARN_DOCUMENTATION_COMMENTS = YES;
				CLANG_WARN_EMPTY_BODY = YES;
				CLANG_WARN_ENUM_CONVERSION = YES;
				CLANG_WARN_INFINITE_RECURSION = YES;
				CLANG_WARN_INT_CONVERSION = YES;
				CLANG_WARN_NON_LITERAL_NULL_CONVERSION = YES;
				CLANG_WARN_OBJC_IMPLICIT_RETAIN_SELF = YES;
				CLANG_WARN_OBJC_LITERAL_CONVERSION = YES;
				CLANG_WARN_OBJC_ROOT_CLASS = YES_ERROR;
				CLANG_WARN_QUOTED_INCLUDE_IN_FRAMEWORK_HEADER = YES;
				CLANG_WARN_RANGE_LOOP_ANALYSIS = YES;
				CLANG_WARN_STRICT_PROTOTYPES = YES;
				CLANG_WARN_SUSPICIOUS_MOVE = YES;
				CLANG_WARN_UNGUARDED_AVAILABILITY = YES_AGGRESSIVE;
				CLANG_WARN_UNREACHABLE_CODE = YES;
				CLANG_WARN__DUPLICATE_METHOD_MATCH = YES;
				COPY_PHASE_STRIP = NO;
				DEBUG_INFORMATION_FORMAT = dwarf;
				ENABLE_STRICT_OBJC_MSGSEND = YES;
				ENABLE_TESTABILITY = YES;
				GCC_C_LANGUAGE_STANDARD = gnu11;
				GCC_DYNAMIC_NO_PIC = NO;
				GCC_NO_COMMON_BLOCKS = YES;
				GCC_OPTIMIZATION_LEVEL = 0;
				GCC_PREPROCESSOR_DEFINITIONS = (
					"DEBUG=1",
					"$(inherited)",
				);
				GCC_WARN_64_TO_32_BIT_CONVERSION = YES;
				GCC_WARN_ABOUT_RETURN_TYPE = YES_ERROR;
				GCC_WARN_UNDECLARED_SELECTOR = YES;
				GCC_WARN_UNINITIALIZED_AUTOS = YES_AGGRESSIVE;
				GCC_WARN_UNUSED_FUNCTION = YES;
				GCC_WARN_UNUSED_VARIABLE = YES;
				IPHONEOS_DEPLOYMENT_TARGET = 15.2;
				MTL_ENABLE_DEBUG_INFO = INCLUDE_SOURCE;
				MTL_FAST_MATH = YES;
				ONLY_ACTIVE_ARCH = YES;
				SDKROOT = iphoneos;
				SWIFT_ACTIVE_COMPILATION_CONDITIONS = DEBUG;
				SWIFT_OPTIMIZATION_LEVEL = "-Onone";
			};
			name = Debug;
		};
		78F5CAAC27AEA52A00A1583A /* Release */ = {
			isa = XCBuildConfiguration;
			buildSettings = {
				ALWAYS_SEARCH_USER_PATHS = NO;
				CLANG_ANALYZER_NONNULL = YES;
				CLANG_ANALYZER_NUMBER_OBJECT_CONVERSION = YES_AGGRESSIVE;
				CLANG_CXX_LANGUAGE_STANDARD = "gnu++17";
				CLANG_CXX_LIBRARY = "libc++";
				CLANG_ENABLE_MODULES = YES;
				CLANG_ENABLE_OBJC_ARC = YES;
				CLANG_ENABLE_OBJC_WEAK = YES;
				CLANG_WARN_BLOCK_CAPTURE_AUTORELEASING = YES;
				CLANG_WARN_BOOL_CONVERSION = YES;
				CLANG_WARN_COMMA = YES;
				CLANG_WARN_CONSTANT_CONVERSION = YES;
				CLANG_WARN_DEPRECATED_OBJC_IMPLEMENTATIONS = YES;
				CLANG_WARN_DIRECT_OBJC_ISA_USAGE = YES_ERROR;
				CLANG_WARN_DOCUMENTATION_COMMENTS = YES;
				CLANG_WARN_EMPTY_BODY = YES;
				CLANG_WARN_ENUM_CONVERSION = YES;
				CLANG_WARN_INFINITE_RECURSION = YES;
				CLANG_WARN_INT_CONVERSION = YES;
				CLANG_WARN_NON_LITERAL_NULL_CONVERSION = YES;
				CLANG_WARN_OBJC_IMPLICIT_RETAIN_SELF = YES;
				CLANG_WARN_OBJC_LITERAL_CONVERSION = YES;
				CLANG_WARN_OBJC_ROOT_CLASS = YES_ERROR;
				CLANG_WARN_QUOTED_INCLUDE_IN_FRAMEWORK_HEADER = YES;
				CLANG_WARN_RANGE_LOOP_ANALYSIS = YES;
				CLANG_WARN_STRICT_PROTOTYPES = YES;
				CLANG_WARN_SUSPICIOUS_MOVE = YES;
				CLANG_WARN_UNGUARDED_AVAILABILITY = YES_AGGRESSIVE;
				CLANG_WARN_UNREACHABLE_CODE = YES;
				CLANG_WARN__DUPLICATE_METHOD_MATCH = YES;
				COPY_PHASE_STRIP = NO;
				DEBUG_INFORMATION_FORMAT = "dwarf-with-dsym";
				ENABLE_NS_ASSERTIONS = NO;
				ENABLE_STRICT_OBJC_MSGSEND = YES;
				GCC_C_LANGUAGE_STANDARD = gnu11;
				GCC_NO_COMMON_BLOCKS = YES;
				GCC_WARN_64_TO_32_BIT_CONVERSION = YES;
				GCC_WARN_ABOUT_RETURN_TYPE = YES_ERROR;
				GCC_WARN_UNDECLARED_SELECTOR = YES;
				GCC_WARN_UNINITIALIZED_AUTOS = YES_AGGRESSIVE;
				GCC_WARN_UNUSED_FUNCTION = YES;
				GCC_WARN_UNUSED_VARIABLE = YES;
				IPHONEOS_DEPLOYMENT_TARGET = 15.2;
				MTL_ENABLE_DEBUG_INFO = NO;
				MTL_FAST_MATH = YES;
				SDKROOT = iphoneos;
				SWIFT_COMPILATION_MODE = wholemodule;
				SWIFT_OPTIMIZATION_LEVEL = "-O";
				VALIDATE_PRODUCT = YES;
			};
			name = Release;
		};
		78F5CAAE27AEA52A00A1583A /* Debug */ = {
			isa = XCBuildConfiguration;
			buildSettings = {
				ASSETCATALOG_COMPILER_APPICON_NAME = AppIcon;
				ASSETCATALOG_COMPILER_GLOBAL_ACCENT_COLOR_NAME = AccentColor;
				CODE_SIGN_STYLE = Automatic;
				CURRENT_PROJECT_VERSION = 3;
				DEVELOPMENT_ASSET_PATHS = "\"Shortcuts/Preview Content\"";
				DEVELOPMENT_TEAM = KZ9ZQNJ77C;
				ENABLE_PREVIEWS = YES;
				GENERATE_INFOPLIST_FILE = YES;
				INFOPLIST_KEY_UIApplicationSceneManifest_Generation = YES;
				INFOPLIST_KEY_UIApplicationSupportsIndirectInputEvents = YES;
				INFOPLIST_KEY_UILaunchScreen_Generation = YES;
				INFOPLIST_KEY_UISupportedInterfaceOrientations = UIInterfaceOrientationPortrait;
				INFOPLIST_KEY_UISupportedInterfaceOrientations_iPad = "UIInterfaceOrientationPortrait UIInterfaceOrientationPortraitUpsideDown UIInterfaceOrientationLandscapeLeft UIInterfaceOrientationLandscapeRight";
				INFOPLIST_KEY_UISupportedInterfaceOrientations_iPhone = "UIInterfaceOrientationPortrait UIInterfaceOrientationLandscapeLeft UIInterfaceOrientationLandscapeRight";
				IPHONEOS_DEPLOYMENT_TARGET = 15.0;
				LD_RUNPATH_SEARCH_PATHS = (
					"$(inherited)",
					"@executable_path/Frameworks",
				);
				MARKETING_VERSION = 1.0;
				PRODUCT_BUNDLE_IDENTIFIER = io.swifted.shortcuts;
				PRODUCT_NAME = XShortcuts;
				SWIFT_EMIT_LOC_STRINGS = YES;
				SWIFT_VERSION = 5.0;
				TARGETED_DEVICE_FAMILY = "1,2";
			};
			name = Debug;
		};
		78F5CAAF27AEA52A00A1583A /* Release */ = {
			isa = XCBuildConfiguration;
			buildSettings = {
				ASSETCATALOG_COMPILER_APPICON_NAME = AppIcon;
				ASSETCATALOG_COMPILER_GLOBAL_ACCENT_COLOR_NAME = AccentColor;
				CODE_SIGN_STYLE = Automatic;
				CURRENT_PROJECT_VERSION = 3;
				DEVELOPMENT_ASSET_PATHS = "\"Shortcuts/Preview Content\"";
				DEVELOPMENT_TEAM = KZ9ZQNJ77C;
				ENABLE_PREVIEWS = YES;
				GENERATE_INFOPLIST_FILE = YES;
				INFOPLIST_KEY_UIApplicationSceneManifest_Generation = YES;
				INFOPLIST_KEY_UIApplicationSupportsIndirectInputEvents = YES;
				INFOPLIST_KEY_UILaunchScreen_Generation = YES;
				INFOPLIST_KEY_UISupportedInterfaceOrientations = UIInterfaceOrientationPortrait;
				INFOPLIST_KEY_UISupportedInterfaceOrientations_iPad = "UIInterfaceOrientationPortrait UIInterfaceOrientationPortraitUpsideDown UIInterfaceOrientationLandscapeLeft UIInterfaceOrientationLandscapeRight";
				INFOPLIST_KEY_UISupportedInterfaceOrientations_iPhone = "UIInterfaceOrientationPortrait UIInterfaceOrientationLandscapeLeft UIInterfaceOrientationLandscapeRight";
				IPHONEOS_DEPLOYMENT_TARGET = 15.0;
				LD_RUNPATH_SEARCH_PATHS = (
					"$(inherited)",
					"@executable_path/Frameworks",
				);
				MARKETING_VERSION = 1.0;
				PRODUCT_BUNDLE_IDENTIFIER = io.swifted.shortcuts;
				PRODUCT_NAME = XShortcuts;
				SWIFT_EMIT_LOC_STRINGS = YES;
				SWIFT_VERSION = 5.0;
				TARGETED_DEVICE_FAMILY = "1,2";
			};
			name = Release;
		};
		78F5CAB127AEA52A00A1583A /* Debug */ = {
			isa = XCBuildConfiguration;
			buildSettings = {
				ALWAYS_EMBED_SWIFT_STANDARD_LIBRARIES = YES;
				BUNDLE_LOADER = "$(TEST_HOST)";
				CLANG_ENABLE_MODULES = YES;
				CODE_SIGN_STYLE = Automatic;
				CURRENT_PROJECT_VERSION = 1;
				DEVELOPMENT_TEAM = KZ9ZQNJ77C;
				GENERATE_INFOPLIST_FILE = YES;
				IPHONEOS_DEPLOYMENT_TARGET = 15.2;
				LD_RUNPATH_SEARCH_PATHS = (
					"$(inherited)",
					"@executable_path/Frameworks",
					"@loader_path/Frameworks",
				);
				MARKETING_VERSION = 1.0;
				PRODUCT_BUNDLE_IDENTIFIER = io.swifted.ShortcutsTests;
				PRODUCT_NAME = "$(TARGET_NAME)";
				SWIFT_EMIT_LOC_STRINGS = NO;
				SWIFT_OPTIMIZATION_LEVEL = "-Onone";
				SWIFT_VERSION = 5.0;
				TARGETED_DEVICE_FAMILY = "1,2";
				TEST_HOST = "$(BUILT_PRODUCTS_DIR)/Shortcuts.app/Shortcuts";
			};
			name = Debug;
		};
		78F5CAB227AEA52A00A1583A /* Release */ = {
			isa = XCBuildConfiguration;
			buildSettings = {
				ALWAYS_EMBED_SWIFT_STANDARD_LIBRARIES = YES;
				BUNDLE_LOADER = "$(TEST_HOST)";
				CLANG_ENABLE_MODULES = YES;
				CODE_SIGN_STYLE = Automatic;
				CURRENT_PROJECT_VERSION = 1;
				DEVELOPMENT_TEAM = KZ9ZQNJ77C;
				GENERATE_INFOPLIST_FILE = YES;
				IPHONEOS_DEPLOYMENT_TARGET = 15.2;
				LD_RUNPATH_SEARCH_PATHS = (
					"$(inherited)",
					"@executable_path/Frameworks",
					"@loader_path/Frameworks",
				);
				MARKETING_VERSION = 1.0;
				PRODUCT_BUNDLE_IDENTIFIER = io.swifted.ShortcutsTests;
				PRODUCT_NAME = "$(TARGET_NAME)";
				SWIFT_EMIT_LOC_STRINGS = NO;
				SWIFT_VERSION = 5.0;
				TARGETED_DEVICE_FAMILY = "1,2";
				TEST_HOST = "$(BUILT_PRODUCTS_DIR)/Shortcuts.app/Shortcuts";
			};
			name = Release;
		};
		78F5CAB427AEA52A00A1583A /* Debug */ = {
			isa = XCBuildConfiguration;
			buildSettings = {
				ALWAYS_EMBED_SWIFT_STANDARD_LIBRARIES = YES;
				CLANG_ENABLE_MODULES = YES;
				CODE_SIGN_STYLE = Automatic;
				CURRENT_PROJECT_VERSION = 1;
				DEVELOPMENT_TEAM = KZ9ZQNJ77C;
				GENERATE_INFOPLIST_FILE = YES;
				LD_RUNPATH_SEARCH_PATHS = (
					"$(inherited)",
					"@executable_path/Frameworks",
					"@loader_path/Frameworks",
				);
				MARKETING_VERSION = 1.0;
				PRODUCT_BUNDLE_IDENTIFIER = io.swifted.ShortcutsUITests;
				PRODUCT_NAME = "$(TARGET_NAME)";
				SWIFT_EMIT_LOC_STRINGS = NO;
				SWIFT_OPTIMIZATION_LEVEL = "-Onone";
				SWIFT_VERSION = 5.0;
				TARGETED_DEVICE_FAMILY = "1,2";
				TEST_TARGET_NAME = Shortcuts;
			};
			name = Debug;
		};
		78F5CAB527AEA52A00A1583A /* Release */ = {
			isa = XCBuildConfiguration;
			buildSettings = {
				ALWAYS_EMBED_SWIFT_STANDARD_LIBRARIES = YES;
				CLANG_ENABLE_MODULES = YES;
				CODE_SIGN_STYLE = Automatic;
				CURRENT_PROJECT_VERSION = 1;
				DEVELOPMENT_TEAM = KZ9ZQNJ77C;
				GENERATE_INFOPLIST_FILE = YES;
				LD_RUNPATH_SEARCH_PATHS = (
					"$(inherited)",
					"@executable_path/Frameworks",
					"@loader_path/Frameworks",
				);
				MARKETING_VERSION = 1.0;
				PRODUCT_BUNDLE_IDENTIFIER = io.swifted.ShortcutsUITests;
				PRODUCT_NAME = "$(TARGET_NAME)";
				SWIFT_EMIT_LOC_STRINGS = NO;
				SWIFT_VERSION = 5.0;
				TARGETED_DEVICE_FAMILY = "1,2";
				TEST_TARGET_NAME = Shortcuts;
			};
			name = Release;
		};
/* End XCBuildConfiguration section */

/* Begin XCConfigurationList section */
		7827D08C27B143FF002961CE /* Build configuration list for PBXNativeTarget "ShortcutsMac" */ = {
			isa = XCConfigurationList;
			buildConfigurations = (
				7827D08627B143FF002961CE /* Debug */,
				7827D08727B143FF002961CE /* Release */,
			);
			defaultConfigurationIsVisible = 0;
			defaultConfigurationName = Release;
		};
		78F5CA8427AEA52900A1583A /* Build configuration list for PBXProject "Shortcuts" */ = {
			isa = XCConfigurationList;
			buildConfigurations = (
				78F5CAAB27AEA52A00A1583A /* Debug */,
				78F5CAAC27AEA52A00A1583A /* Release */,
			);
			defaultConfigurationIsVisible = 0;
			defaultConfigurationName = Release;
		};
		78F5CAAD27AEA52A00A1583A /* Build configuration list for PBXNativeTarget "Shortcuts" */ = {
			isa = XCConfigurationList;
			buildConfigurations = (
				78F5CAAE27AEA52A00A1583A /* Debug */,
				78F5CAAF27AEA52A00A1583A /* Release */,
			);
			defaultConfigurationIsVisible = 0;
			defaultConfigurationName = Release;
		};
		78F5CAB027AEA52A00A1583A /* Build configuration list for PBXNativeTarget "ShortcutsTests" */ = {
			isa = XCConfigurationList;
			buildConfigurations = (
				78F5CAB127AEA52A00A1583A /* Debug */,
				78F5CAB227AEA52A00A1583A /* Release */,
			);
			defaultConfigurationIsVisible = 0;
			defaultConfigurationName = Release;
		};
		78F5CAB327AEA52A00A1583A /* Build configuration list for PBXNativeTarget "ShortcutsUITests" */ = {
			isa = XCConfigurationList;
			buildConfigurations = (
				78F5CAB427AEA52A00A1583A /* Debug */,
				78F5CAB527AEA52A00A1583A /* Release */,
			);
			defaultConfigurationIsVisible = 0;
			defaultConfigurationName = Release;
		};
/* End XCConfigurationList section */
	};
	rootObject = 78F5CA8127AEA52900A1583A /* Project object */;
}
